
Microsoft Visual Studio Solution File, Format Version 12.00
# Visual Studio Version 17
VisualStudioVersion = 17.14.36301.6
MinimumVisualStudioVersion = 10.0.40219.1
Project("{FAE04EC0-301F-11D3-BF4B-00C04F79EFBC}") = "Bastilia.Rating.Portal", "Bastilia.Rating.Portal\Bastilia.Rating.Portal.csproj", "{FA66F6DF-B0A9-4BE3-80EB-30005F648F4C}"
EndProject
Project("{FAE04EC0-301F-11D3-BF4B-00C04F79EFBC}") = "Bastilia.Rating.Portal.Client", "Bastilia.Rating.Portal.Client\Bastilia.Rating.Portal.Client.csproj", "{7567A3D1-0926-46BA-8C50-088500FAF261}"
EndProject
Project("{FAE04EC0-301F-11D3-BF4B-00C04F79EFBC}") = "Bastilia.Rating.Database", "Bastilia.Rating.Database\Bastilia.Rating.Database.csproj", "{CA8AD24C-D611-4B84-A339-93AF215367C3}"
EndProject
Project("{2150E333-8FDC-42A3-9474-1A3956D46DE8}") = "Solution Items", "Solution Items", "{8EC462FD-D22E-90A8-E5CE-7E832BA40C5D}"
	ProjectSection(SolutionItems) = preProject
		Directory.Build.props = Directory.Build.props
		Directory.Packages.props = Directory.Packages.props
		docker-compose.yml = docker-compose.yml
		global.json = global.json
		nuget.config = nuget.config
	EndProjectSection
EndProject
Project("{FAE04EC0-301F-11D3-BF4B-00C04F79EFBC}") = "Bastilia.Rating.Domain", "Bastilia.Rating.Domain\Bastilia.Rating.Domain.csproj", "{F4D4E780-944F-4DD0-8CD7-BB469A3368E7}"
EndProject
Project("{2150E333-8FDC-42A3-9474-1A3956D46DE8}") = ".github", ".github", "{02EA681E-C7D8-13C7-8484-4AC65E1B71E8}"
	ProjectSection(SolutionItems) = preProject
		.github\workflows\build_and_publish.yml = .github\workflows\build_and_publish.yml
		.github\dependabot.yml = .github\dependabot.yml
		.github\workflows\deploy-common.yml = .github\workflows\deploy-common.yml
	EndProjectSection
EndProject
Project("{FAE04EC0-301F-11D3-BF4B-00C04F79EFBC}") = "Bastilia.Rating.Migrator", "Bastilia.Rating.Migrator\Bastilia.Rating.Migrator.csproj", "{61D46E8E-01D8-4383-A9E0-994B871707F3}"
EndProject
Global
	GlobalSection(SolutionConfigurationPlatforms) = preSolution
		Debug|Any CPU = Debug|Any CPU
		Release|Any CPU = Release|Any CPU
	EndGlobalSection
	GlobalSection(ProjectConfigurationPlatforms) = postSolution
		{FA66F6DF-B0A9-4BE3-80EB-30005F648F4C}.Debug|Any CPU.ActiveCfg = Debug|Any CPU
		{FA66F6DF-B0A9-4BE3-80EB-30005F648F4C}.Debug|Any CPU.Build.0 = Debug|Any CPU
		{FA66F6DF-B0A9-4BE3-80EB-30005F648F4C}.Release|Any CPU.ActiveCfg = Release|Any CPU
		{FA66F6DF-B0A9-4BE3-80EB-30005F648F4C}.Release|Any CPU.Build.0 = Release|Any CPU
		{7567A3D1-0926-46BA-8C50-088500FAF261}.Debug|Any CPU.ActiveCfg = Debug|Any CPU
		{7567A3D1-0926-46BA-8C50-088500FAF261}.Debug|Any CPU.Build.0 = Debug|Any CPU
		{7567A3D1-0926-46BA-8C50-088500FAF261}.Release|Any CPU.ActiveCfg = Release|Any CPU
		{7567A3D1-0926-46BA-8C50-088500FAF261}.Release|Any CPU.Build.0 = Release|Any CPU
		{CA8AD24C-D611-4B84-A339-93AF215367C3}.Debug|Any CPU.ActiveCfg = Debug|Any CPU
		{CA8AD24C-D611-4B84-A339-93AF215367C3}.Debug|Any CPU.Build.0 = Debug|Any CPU
		{CA8AD24C-D611-4B84-A339-93AF215367C3}.Release|Any CPU.ActiveCfg = Release|Any CPU
		{CA8AD24C-D611-4B84-A339-93AF215367C3}.Release|Any CPU.Build.0 = Release|Any CPU
		{F4D4E780-944F-4DD0-8CD7-BB469A3368E7}.Debug|Any CPU.ActiveCfg = Debug|Any CPU
		{F4D4E780-944F-4DD0-8CD7-BB469A3368E7}.Debug|Any CPU.Build.0 = Debug|Any CPU
		{F4D4E780-944F-4DD0-8CD7-BB469A3368E7}.Release|Any CPU.ActiveCfg = Release|Any CPU
		{F4D4E780-944F-4DD0-8CD7-BB469A3368E7}.Release|Any CPU.Build.0 = Release|Any CPU
		{61D46E8E-01D8-4383-A9E0-994B871707F3}.Debug|Any CPU.ActiveCfg = Debug|Any CPU
		{61D46E8E-01D8-4383-A9E0-994B871707F3}.Debug|Any CPU.Build.0 = Debug|Any CPU
		{61D46E8E-01D8-4383-A9E0-994B871707F3}.Release|Any CPU.ActiveCfg = Release|Any CPU
		{61D46E8E-01D8-4383-A9E0-994B871707F3}.Release|Any CPU.Build.0 = Release|Any CPU
	EndGlobalSection
	GlobalSection(SolutionProperties) = preSolution
		HideSolutionNode = FALSE
	EndGlobalSection
	GlobalSection(NestedProjects) = preSolution
		{02EA681E-C7D8-13C7-8484-4AC65E1B71E8} = {8EC462FD-D22E-90A8-E5CE-7E832BA40C5D}
	EndGlobalSection
	GlobalSection(ExtensibilityGlobals) = postSolution
		SolutionGuid = {AC83803D-6324-4754-AFEC-3F606362202C}
	EndGlobalSection
EndGlobal
